
Microsoft Visual Studio Solution File, Format Version 12.00
# Visual Studio Version 17
VisualStudioVersion = 17.5.002.0
MinimumVisualStudioVersion = 10.0.40219.1
Project("{9A19103F-16F7-4668-BE54-9A1E7A4F7556}") = "TestProject", "TestProject.csproj", "{50C9781E-3BA7-4EE2-A940-9E829215989A}"
EndProject
Global
	GlobalSection(SolutionConfigurationPlatforms) = preSolution
		Debug|Any CPU = Debug|Any CPU
		Release|Any CPU = Release|Any CPU
	EndGlobalSection
	GlobalSection(ProjectConfigurationPlatforms) = postSolution
		{50C9781E-3BA7-4EE2-A940-9E829215989A}.Debug|Any CPU.ActiveCfg = Debug|Any CPU
		{50C9781E-3BA7-4EE2-A940-9E829215989A}.Debug|Any CPU.Build.0 = Debug|Any CPU
		{50C9781E-3BA7-4EE2-A940-9E829215989A}.Release|Any CPU.ActiveCfg = Release|Any CPU
		{50C9781E-3BA7-4EE2-A940-9E829215989A}.Release|Any CPU.Build.0 = Release|Any CPU
	EndGlobalSection
	GlobalSection(SolutionProperties) = preSolution
		HideSolutionNode = FALSE
	EndGlobalSection
	GlobalSection(ExtensibilityGlobals) = postSolution
		SolutionGuid = {569EEB69-D1F4-4A77-B749-BB9FE82B9A7E}
	EndGlobalSection
EndGlobal
